
Microsoft Visual Studio Solution File, Format Version 12.00
# Visual Studio 15
VisualStudioVersion = 15.0.27428.2002
MinimumVisualStudioVersion = 10.0.40219.1
Project("{FAE04EC0-301F-11D3-BF4B-00C04F79EFBC}") = "Bell", "Bell\Bell.csproj", "{FFE14D7D-F871-45E0-AAD1-0731F09759BE}"
EndProject
Global
	GlobalSection(SolutionConfigurationPlatforms) = preSolution
		Debug|Any CPU = Debug|Any CPU
		Release|Any CPU = Release|Any CPU
	EndGlobalSection
	GlobalSection(ProjectConfigurationPlatforms) = postSolution
		{FFE14D7D-F871-45E0-AAD1-0731F09759BE}.Debug|Any CPU.ActiveCfg = Debug|Any CPU
		{FFE14D7D-F871-45E0-AAD1-0731F09759BE}.Debug|Any CPU.Build.0 = Debug|Any CPU
		{FFE14D7D-F871-45E0-AAD1-0731F09759BE}.Release|Any CPU.ActiveCfg = Release|Any CPU
		{FFE14D7D-F871-45E0-AAD1-0731F09759BE}.Release|Any CPU.Build.0 = Release|Any CPU
	EndGlobalSection
	GlobalSection(SolutionProperties) = preSolution
		HideSolutionNode = FALSE
	EndGlobalSection
	GlobalSection(ExtensibilityGlobals) = postSolution
		SolutionGuid = {69BC2639-4426-4F2F-A3E7-492A38630516}
	EndGlobalSection
EndGlobal
